
Microsoft Visual Studio Solution File, Format Version 12.00
# Visual Studio Version 16
VisualStudioVersion = 16.0.31402.337
MinimumVisualStudioVersion = 10.0.40219.1
Project("{FAE04EC0-301F-11D3-BF4B-00C04F79EFBC}") = "Frends.Community.OPCUA", "Frends.Community.OPCUA\Frends.Community.OPCUA.csproj", "{F9A3E9D1-AA64-4FEA-A7E4-1574D9CC0DCE}"
EndProject
Project("{FAE04EC0-301F-11D3-BF4B-00C04F79EFBC}") = "Frends.Community.OPCUA.Tests", "Frends.Community.OPCUA.Tests\Frends.Community.OPCUA.Tests.csproj", "{B4BD8A6C-468D-45AA-9804-82503809EF37}"
EndProject
Global
	GlobalSection(SolutionConfigurationPlatforms) = preSolution
		Debug|Any CPU = Debug|Any CPU
		Release|Any CPU = Release|Any CPU
	EndGlobalSection
	GlobalSection(ProjectConfigurationPlatforms) = postSolution
		{F9A3E9D1-AA64-4FEA-A7E4-1574D9CC0DCE}.Debug|Any CPU.ActiveCfg = Debug|Any CPU
		{F9A3E9D1-AA64-4FEA-A7E4-1574D9CC0DCE}.Debug|Any CPU.Build.0 = Debug|Any CPU
		{F9A3E9D1-AA64-4FEA-A7E4-1574D9CC0DCE}.Release|Any CPU.ActiveCfg = Release|Any CPU
		{F9A3E9D1-AA64-4FEA-A7E4-1574D9CC0DCE}.Release|Any CPU.Build.0 = Release|Any CPU
		{B4BD8A6C-468D-45AA-9804-82503809EF37}.Debug|Any CPU.ActiveCfg = Debug|Any CPU
		{B4BD8A6C-468D-45AA-9804-82503809EF37}.Debug|Any CPU.Build.0 = Debug|Any CPU
		{B4BD8A6C-468D-45AA-9804-82503809EF37}.Release|Any CPU.ActiveCfg = Release|Any CPU
		{B4BD8A6C-468D-45AA-9804-82503809EF37}.Release|Any CPU.Build.0 = Release|Any CPU
	EndGlobalSection
	GlobalSection(SolutionProperties) = preSolution
		HideSolutionNode = FALSE
	EndGlobalSection
	GlobalSection(ExtensibilityGlobals) = postSolution
		SolutionGuid = {F62E5B1B-2758-4A60-8B3E-ED3A1957DB89}
	EndGlobalSection
EndGlobal
